
Microsoft Visual Studio Solution File, Format Version 12.00
# Visual Studio Version 17
VisualStudioVersion = 17.5.002.0
MinimumVisualStudioVersion = 10.0.40219.1
Project("{2150E333-8FDC-42A3-9474-1A3956D46DE8}") = "Lesson3", "Lesson3", "{E3445D59-348D-4246-AF24-5B8FEA5F5A43}"
EndProject
Project("{9A19103F-16F7-4668-BE54-9A1E7A4F7556}") = "Task1", "Lesson3\Task1\Task1.csproj", "{7C6DA0F8-3B2C-4F81-98FE-1488F6E8F65E}"
EndProject
Project("{9A19103F-16F7-4668-BE54-9A1E7A4F7556}") = "Task3", "Lesson3\Task3\Task3.csproj", "{64E9CFFF-41A6-474A-A304-9CF1DA9D3934}"
EndProject
Project("{9A19103F-16F7-4668-BE54-9A1E7A4F7556}") = "Task4", "Lesson3\Task4\Task4.csproj", "{479CDCCF-319D-4C5D-8E5F-D4ED81F85BDC}"
EndProject
Project("{9A19103F-16F7-4668-BE54-9A1E7A4F7556}") = "Task2", "Lesson3\Task2\Task2.csproj", "{4845D48E-72AA-4CC3-9C98-EB0AC70B417E}"
EndProject
Project("{9A19103F-16F7-4668-BE54-9A1E7A4F7556}") = "Task", "Lesson3\Task\Task.csproj", "{CE735485-6FB9-413C-B533-65274A21BC00}"
EndProject
Project("{2150E333-8FDC-42A3-9474-1A3956D46DE8}") = "Lesson2", "Lesson2", "{B5F1AF81-A06B-4485-B7AD-8F5653C9F5C8}"
EndProject
Project("{9A19103F-16F7-4668-BE54-9A1E7A4F7556}") = "Task3", "Lesson2\Task3\Task3.csproj", "{87185E0C-55B7-40A8-A6CD-10724B25405B}"
EndProject
Project("{9A19103F-16F7-4668-BE54-9A1E7A4F7556}") = "Task4", "Lesson2\Task4\Task4.csproj", "{94FB2213-B420-4DE9-9313-F33CF1C1E8BA}"
EndProject
Project("{9A19103F-16F7-4668-BE54-9A1E7A4F7556}") = "Task2", "Lesson2\Task2\Task2.csproj", "{3EE7C3A9-2483-43AC-B9DD-3BF5A533CBFC}"
EndProject
Project("{2150E333-8FDC-42A3-9474-1A3956D46DE8}") = "Lesson5", "Lesson5", "{619E1CAF-534D-4C4E-87A4-90EE31BB3364}"
EndProject
Project("{FAE04EC0-301F-11D3-BF4B-00C04F79EFBC}") = "Task1", "Lesson5\Task1\Task1.csproj", "{583ADB1B-90CD-4771-99D3-E9757FB6998E}"
EndProject
Project("{2150E333-8FDC-42A3-9474-1A3956D46DE8}") = "Seminars", "Seminars", "{CB743616-167F-41C9-92D4-D60909790508}"
EndProject
Project("{FAE04EC0-301F-11D3-BF4B-00C04F79EFBC}") = "Task0", "Seminars\Task0\Task0.csproj", "{57271C27-9616-4024-A95E-8B2C3AC4DCE0}"
EndProject
Project("{FAE04EC0-301F-11D3-BF4B-00C04F79EFBC}") = "Task2", "Seminars\Task2\Task2.csproj", "{A2B60415-DABE-44E1-9ACD-33F6D2BDD66D}"
EndProject
Project("{FAE04EC0-301F-11D3-BF4B-00C04F79EFBC}") = "Task3", "Seminars\Task3\Task3.csproj", "{3E28EF56-F4EF-4839-A68C-3CD20207801B}"
EndProject
Global
	GlobalSection(SolutionConfigurationPlatforms) = preSolution
		Debug|Any CPU = Debug|Any CPU
		Release|Any CPU = Release|Any CPU
	EndGlobalSection
	GlobalSection(ProjectConfigurationPlatforms) = postSolution
		{7C6DA0F8-3B2C-4F81-98FE-1488F6E8F65E}.Debug|Any CPU.ActiveCfg = Debug|Any CPU
		{7C6DA0F8-3B2C-4F81-98FE-1488F6E8F65E}.Debug|Any CPU.Build.0 = Debug|Any CPU
		{7C6DA0F8-3B2C-4F81-98FE-1488F6E8F65E}.Release|Any CPU.ActiveCfg = Release|Any CPU
		{7C6DA0F8-3B2C-4F81-98FE-1488F6E8F65E}.Release|Any CPU.Build.0 = Release|Any CPU
		{64E9CFFF-41A6-474A-A304-9CF1DA9D3934}.Debug|Any CPU.ActiveCfg = Debug|Any CPU
		{64E9CFFF-41A6-474A-A304-9CF1DA9D3934}.Debug|Any CPU.Build.0 = Debug|Any CPU
		{64E9CFFF-41A6-474A-A304-9CF1DA9D3934}.Release|Any CPU.ActiveCfg = Release|Any CPU
		{64E9CFFF-41A6-474A-A304-9CF1DA9D3934}.Release|Any CPU.Build.0 = Release|Any CPU
		{479CDCCF-319D-4C5D-8E5F-D4ED81F85BDC}.Debug|Any CPU.ActiveCfg = Debug|Any CPU
		{479CDCCF-319D-4C5D-8E5F-D4ED81F85BDC}.Debug|Any CPU.Build.0 = Debug|Any CPU
		{479CDCCF-319D-4C5D-8E5F-D4ED81F85BDC}.Release|Any CPU.ActiveCfg = Release|Any CPU
		{479CDCCF-319D-4C5D-8E5F-D4ED81F85BDC}.Release|Any CPU.Build.0 = Release|Any CPU
		{4845D48E-72AA-4CC3-9C98-EB0AC70B417E}.Debug|Any CPU.ActiveCfg = Debug|Any CPU
		{4845D48E-72AA-4CC3-9C98-EB0AC70B417E}.Debug|Any CPU.Build.0 = Debug|Any CPU
		{4845D48E-72AA-4CC3-9C98-EB0AC70B417E}.Release|Any CPU.ActiveCfg = Release|Any CPU
		{4845D48E-72AA-4CC3-9C98-EB0AC70B417E}.Release|Any CPU.Build.0 = Release|Any CPU
		{CE735485-6FB9-413C-B533-65274A21BC00}.Debug|Any CPU.ActiveCfg = Debug|Any CPU
		{CE735485-6FB9-413C-B533-65274A21BC00}.Debug|Any CPU.Build.0 = Debug|Any CPU
		{CE735485-6FB9-413C-B533-65274A21BC00}.Release|Any CPU.ActiveCfg = Release|Any CPU
		{CE735485-6FB9-413C-B533-65274A21BC00}.Release|Any CPU.Build.0 = Release|Any CPU
		{87185E0C-55B7-40A8-A6CD-10724B25405B}.Debug|Any CPU.ActiveCfg = Debug|Any CPU
		{87185E0C-55B7-40A8-A6CD-10724B25405B}.Debug|Any CPU.Build.0 = Debug|Any CPU
		{87185E0C-55B7-40A8-A6CD-10724B25405B}.Release|Any CPU.ActiveCfg = Release|Any CPU
		{87185E0C-55B7-40A8-A6CD-10724B25405B}.Release|Any CPU.Build.0 = Release|Any CPU
		{94FB2213-B420-4DE9-9313-F33CF1C1E8BA}.Debug|Any CPU.ActiveCfg = Debug|Any CPU
		{94FB2213-B420-4DE9-9313-F33CF1C1E8BA}.Debug|Any CPU.Build.0 = Debug|Any CPU
		{94FB2213-B420-4DE9-9313-F33CF1C1E8BA}.Release|Any CPU.ActiveCfg = Release|Any CPU
		{94FB2213-B420-4DE9-9313-F33CF1C1E8BA}.Release|Any CPU.Build.0 = Release|Any CPU
		{3EE7C3A9-2483-43AC-B9DD-3BF5A533CBFC}.Debug|Any CPU.ActiveCfg = Debug|Any CPU
		{3EE7C3A9-2483-43AC-B9DD-3BF5A533CBFC}.Debug|Any CPU.Build.0 = Debug|Any CPU
		{3EE7C3A9-2483-43AC-B9DD-3BF5A533CBFC}.Release|Any CPU.ActiveCfg = Release|Any CPU
		{3EE7C3A9-2483-43AC-B9DD-3BF5A533CBFC}.Release|Any CPU.Build.0 = Release|Any CPU
		{583ADB1B-90CD-4771-99D3-E9757FB6998E}.Debug|Any CPU.ActiveCfg = Debug|Any CPU
		{583ADB1B-90CD-4771-99D3-E9757FB6998E}.Debug|Any CPU.Build.0 = Debug|Any CPU
		{583ADB1B-90CD-4771-99D3-E9757FB6998E}.Release|Any CPU.ActiveCfg = Release|Any CPU
		{583ADB1B-90CD-4771-99D3-E9757FB6998E}.Release|Any CPU.Build.0 = Release|Any CPU
		{57271C27-9616-4024-A95E-8B2C3AC4DCE0}.Debug|Any CPU.ActiveCfg = Debug|Any CPU
		{57271C27-9616-4024-A95E-8B2C3AC4DCE0}.Debug|Any CPU.Build.0 = Debug|Any CPU
		{57271C27-9616-4024-A95E-8B2C3AC4DCE0}.Release|Any CPU.ActiveCfg = Release|Any CPU
		{57271C27-9616-4024-A95E-8B2C3AC4DCE0}.Release|Any CPU.Build.0 = Release|Any CPU
		{A2B60415-DABE-44E1-9ACD-33F6D2BDD66D}.Debug|Any CPU.ActiveCfg = Debug|Any CPU
		{A2B60415-DABE-44E1-9ACD-33F6D2BDD66D}.Debug|Any CPU.Build.0 = Debug|Any CPU
		{A2B60415-DABE-44E1-9ACD-33F6D2BDD66D}.Release|Any CPU.ActiveCfg = Release|Any CPU
		{A2B60415-DABE-44E1-9ACD-33F6D2BDD66D}.Release|Any CPU.Build.0 = Release|Any CPU
		{3E28EF56-F4EF-4839-A68C-3CD20207801B}.Debug|Any CPU.ActiveCfg = Debug|Any CPU
		{3E28EF56-F4EF-4839-A68C-3CD20207801B}.Debug|Any CPU.Build.0 = Debug|Any CPU
		{3E28EF56-F4EF-4839-A68C-3CD20207801B}.Release|Any CPU.ActiveCfg = Release|Any CPU
		{3E28EF56-F4EF-4839-A68C-3CD20207801B}.Release|Any CPU.Build.0 = Release|Any CPU
	EndGlobalSection
	GlobalSection(SolutionProperties) = preSolution
		HideSolutionNode = FALSE
	EndGlobalSection
	GlobalSection(NestedProjects) = preSolution
		{7C6DA0F8-3B2C-4F81-98FE-1488F6E8F65E} = {E3445D59-348D-4246-AF24-5B8FEA5F5A43}
		{64E9CFFF-41A6-474A-A304-9CF1DA9D3934} = {E3445D59-348D-4246-AF24-5B8FEA5F5A43}
		{479CDCCF-319D-4C5D-8E5F-D4ED81F85BDC} = {E3445D59-348D-4246-AF24-5B8FEA5F5A43}
		{4845D48E-72AA-4CC3-9C98-EB0AC70B417E} = {E3445D59-348D-4246-AF24-5B8FEA5F5A43}
		{CE735485-6FB9-413C-B533-65274A21BC00} = {E3445D59-348D-4246-AF24-5B8FEA5F5A43}
		{87185E0C-55B7-40A8-A6CD-10724B25405B} = {B5F1AF81-A06B-4485-B7AD-8F5653C9F5C8}
		{94FB2213-B420-4DE9-9313-F33CF1C1E8BA} = {B5F1AF81-A06B-4485-B7AD-8F5653C9F5C8}
		{3EE7C3A9-2483-43AC-B9DD-3BF5A533CBFC} = {B5F1AF81-A06B-4485-B7AD-8F5653C9F5C8}
		{583ADB1B-90CD-4771-99D3-E9757FB6998E} = {619E1CAF-534D-4C4E-87A4-90EE31BB3364}
		{57271C27-9616-4024-A95E-8B2C3AC4DCE0} = {CB743616-167F-41C9-92D4-D60909790508}
		{A2B60415-DABE-44E1-9ACD-33F6D2BDD66D} = {CB743616-167F-41C9-92D4-D60909790508}
		{3E28EF56-F4EF-4839-A68C-3CD20207801B} = {CB743616-167F-41C9-92D4-D60909790508}
	EndGlobalSection
	GlobalSection(ExtensibilityGlobals) = postSolution
		SolutionGuid = {A89C4542-56D6-4EDF-8FDD-8A0403725190}
	EndGlobalSection
EndGlobal
